
Microsoft Visual Studio Solution File, Format Version 12.00
# Visual Studio Version 17
VisualStudioVersion = 17.5.33502.453
MinimumVisualStudioVersion = 10.0.40219.1
Project("{FAE04EC0-301F-11D3-BF4B-00C04F79EFBC}") = "p16Bookstore-Trigger", "p16Bookstore-Trigger\p16Bookstore-Trigger.csproj", "{61B5DE8D-EFBF-4708-B9B3-2006D07FE517}"
EndProject
Global
	GlobalSection(SolutionConfigurationPlatforms) = preSolution
		Debug|Any CPU = Debug|Any CPU
		Release|Any CPU = Release|Any CPU
	EndGlobalSection
	GlobalSection(ProjectConfigurationPlatforms) = postSolution
		{61B5DE8D-EFBF-4708-B9B3-2006D07FE517}.Debug|Any CPU.ActiveCfg = Debug|Any CPU
		{61B5DE8D-EFBF-4708-B9B3-2006D07FE517}.Debug|Any CPU.Build.0 = Debug|Any CPU
		{61B5DE8D-EFBF-4708-B9B3-2006D07FE517}.Release|Any CPU.ActiveCfg = Release|Any CPU
		{61B5DE8D-EFBF-4708-B9B3-2006D07FE517}.Release|Any CPU.Build.0 = Release|Any CPU
	EndGlobalSection
	GlobalSection(SolutionProperties) = preSolution
		HideSolutionNode = FALSE
	EndGlobalSection
	GlobalSection(ExtensibilityGlobals) = postSolution
		SolutionGuid = {F1D1C151-8A3D-482D-B4B2-E2A1F2ED9649}
	EndGlobalSection
EndGlobal
